
Microsoft Visual Studio Solution File, Format Version 12.00
# Visual Studio 15
Project("{FAE04EC0-301F-11D3-BF4B-00C04F79EFBC}") = "Assembly-CSharp", "Assembly-CSharp.csproj", "{8CB76DD0-DB68-03C0-A761-62DF2001FF58}"
EndProject
Project("{FAE04EC0-301F-11D3-BF4B-00C04F79EFBC}") = "GoogleMobileAds", "GoogleMobileAds.csproj", "{9AFF6DFF-1D61-8ABD-1860-19503D363FCE}"
EndProject
Project("{FAE04EC0-301F-11D3-BF4B-00C04F79EFBC}") = "GoogleMobileAds.Editor", "GoogleMobileAds.Editor.csproj", "{79F0E6E0-A85E-2665-3A93-8348E82871B7}"
EndProject
Global
	GlobalSection(SolutionConfigurationPlatforms) = preSolution
		Debug|Any CPU = Debug|Any CPU
		Release|Any CPU = Release|Any CPU
	EndGlobalSection
	GlobalSection(ProjectConfigurationPlatforms) = postSolution
		{8CB76DD0-DB68-03C0-A761-62DF2001FF58}.Debug|Any CPU.ActiveCfg = Debug|Any CPU
		{8CB76DD0-DB68-03C0-A761-62DF2001FF58}.Debug|Any CPU.Build.0 = Debug|Any CPU
		{8CB76DD0-DB68-03C0-A761-62DF2001FF58}.Release|Any CPU.ActiveCfg = Release|Any CPU
		{8CB76DD0-DB68-03C0-A761-62DF2001FF58}.Release|Any CPU.Build.0 = Release|Any CPU
		{9AFF6DFF-1D61-8ABD-1860-19503D363FCE}.Debug|Any CPU.ActiveCfg = Debug|Any CPU
		{9AFF6DFF-1D61-8ABD-1860-19503D363FCE}.Debug|Any CPU.Build.0 = Debug|Any CPU
		{9AFF6DFF-1D61-8ABD-1860-19503D363FCE}.Release|Any CPU.ActiveCfg = Release|Any CPU
		{9AFF6DFF-1D61-8ABD-1860-19503D363FCE}.Release|Any CPU.Build.0 = Release|Any CPU
		{79F0E6E0-A85E-2665-3A93-8348E82871B7}.Debug|Any CPU.ActiveCfg = Debug|Any CPU
		{79F0E6E0-A85E-2665-3A93-8348E82871B7}.Debug|Any CPU.Build.0 = Debug|Any CPU
		{79F0E6E0-A85E-2665-3A93-8348E82871B7}.Release|Any CPU.ActiveCfg = Release|Any CPU
		{79F0E6E0-A85E-2665-3A93-8348E82871B7}.Release|Any CPU.Build.0 = Release|Any CPU
	EndGlobalSection
	GlobalSection(SolutionProperties) = preSolution
		HideSolutionNode = FALSE
	EndGlobalSection
EndGlobal
